
Microsoft Visual Studio Solution File, Format Version 12.00
# Visual Studio 2013
VisualStudioVersion = 12.0.30723.0
MinimumVisualStudioVersion = 10.0.40219.1
Project("{FAE04EC0-301F-11D3-BF4B-00C04F79EFBC}") = "exec001", "exec001\exec001.csproj", "{22F8C766-C48A-4BB3-AAE2-4FB5700112D6}"
EndProject
Project("{FAE04EC0-301F-11D3-BF4B-00C04F79EFBC}") = "Exec02", "Exec02\Exec02.csproj", "{49590373-0047-4D65-8750-F6698096E970}"
EndProject
Project("{FAE04EC0-301F-11D3-BF4B-00C04F79EFBC}") = "Exec03", "Exec03\Exec03.csproj", "{AD232DDE-4CE9-4E71-9CE1-DB0FD6271595}"
EndProject
Project("{FAE04EC0-301F-11D3-BF4B-00C04F79EFBC}") = "Exec04", "Exec04\Exec04.csproj", "{47FBBF3B-1F31-448F-ADF9-E8CC6951C6F6}"
EndProject
Project("{FAE04EC0-301F-11D3-BF4B-00C04F79EFBC}") = "Exec05", "Exec05\Exec05.csproj", "{9CCEF9D6-5B14-4146-BDED-88BF6B852FB6}"
EndProject
Project("{FAE04EC0-301F-11D3-BF4B-00C04F79EFBC}") = "Exec06", "Exec06\Exec06.csproj", "{29F5F019-DABF-428D-A625-07C9A6A3CB8E}"
EndProject
Project("{FAE04EC0-301F-11D3-BF4B-00C04F79EFBC}") = "Exec07", "Exec07\Exec07.csproj", "{986BD6B7-3560-458B-BCC1-6ABC27AED2A1}"
EndProject
Project("{FAE04EC0-301F-11D3-BF4B-00C04F79EFBC}") = "Exec08", "Exec08\Exec08.csproj", "{FED2A8FF-4ADD-44DE-B48F-99D8D7B90C72}"
EndProject
Project("{FAE04EC0-301F-11D3-BF4B-00C04F79EFBC}") = "Exec09", "Exec09\Exec09.csproj", "{EE5C842F-1A45-4D00-B9BE-8D5D87F10AB3}"
EndProject
Project("{FAE04EC0-301F-11D3-BF4B-00C04F79EFBC}") = "Exec10", "Exec10\Exec10.csproj", "{E0E0158F-9C03-4B13-BB8A-8FEE06759368}"
EndProject
Project("{FAE04EC0-301F-11D3-BF4B-00C04F79EFBC}") = "Exec11", "Exec11\Exec11.csproj", "{5564961F-12A5-4739-9475-B25C88FF4989}"
EndProject
Project("{FAE04EC0-301F-11D3-BF4B-00C04F79EFBC}") = "Exec12", "Exec12\Exec12.csproj", "{44753C56-B349-4E0F-A125-A86BC7544429}"
EndProject
Project("{FAE04EC0-301F-11D3-BF4B-00C04F79EFBC}") = "Exec13", "Exec13\Exec13.csproj", "{848E3551-07A5-420F-8F6C-A854AAA0157F}"
EndProject
Project("{FAE04EC0-301F-11D3-BF4B-00C04F79EFBC}") = "Exec14", "Exec14\Exec14.csproj", "{ECAC71E5-A3C0-407B-BF4E-A9C9C2AD56B8}"
EndProject
Project("{FAE04EC0-301F-11D3-BF4B-00C04F79EFBC}") = "Exec15", "Exec15\Exec15.csproj", "{CEFC6AAB-4665-4651-807A-17845F724BED}"
EndProject
Global
	GlobalSection(SolutionConfigurationPlatforms) = preSolution
		Debug|Any CPU = Debug|Any CPU
		Release|Any CPU = Release|Any CPU
	EndGlobalSection
	GlobalSection(ProjectConfigurationPlatforms) = postSolution
		{22F8C766-C48A-4BB3-AAE2-4FB5700112D6}.Debug|Any CPU.ActiveCfg = Debug|Any CPU
		{22F8C766-C48A-4BB3-AAE2-4FB5700112D6}.Debug|Any CPU.Build.0 = Debug|Any CPU
		{22F8C766-C48A-4BB3-AAE2-4FB5700112D6}.Release|Any CPU.ActiveCfg = Release|Any CPU
		{22F8C766-C48A-4BB3-AAE2-4FB5700112D6}.Release|Any CPU.Build.0 = Release|Any CPU
		{49590373-0047-4D65-8750-F6698096E970}.Debug|Any CPU.ActiveCfg = Debug|Any CPU
		{49590373-0047-4D65-8750-F6698096E970}.Debug|Any CPU.Build.0 = Debug|Any CPU
		{49590373-0047-4D65-8750-F6698096E970}.Release|Any CPU.ActiveCfg = Release|Any CPU
		{49590373-0047-4D65-8750-F6698096E970}.Release|Any CPU.Build.0 = Release|Any CPU
		{AD232DDE-4CE9-4E71-9CE1-DB0FD6271595}.Debug|Any CPU.ActiveCfg = Debug|Any CPU
		{AD232DDE-4CE9-4E71-9CE1-DB0FD6271595}.Debug|Any CPU.Build.0 = Debug|Any CPU
		{AD232DDE-4CE9-4E71-9CE1-DB0FD6271595}.Release|Any CPU.ActiveCfg = Release|Any CPU
		{AD232DDE-4CE9-4E71-9CE1-DB0FD6271595}.Release|Any CPU.Build.0 = Release|Any CPU
		{47FBBF3B-1F31-448F-ADF9-E8CC6951C6F6}.Debug|Any CPU.ActiveCfg = Debug|Any CPU
		{47FBBF3B-1F31-448F-ADF9-E8CC6951C6F6}.Debug|Any CPU.Build.0 = Debug|Any CPU
		{47FBBF3B-1F31-448F-ADF9-E8CC6951C6F6}.Release|Any CPU.ActiveCfg = Release|Any CPU
		{47FBBF3B-1F31-448F-ADF9-E8CC6951C6F6}.Release|Any CPU.Build.0 = Release|Any CPU
		{9CCEF9D6-5B14-4146-BDED-88BF6B852FB6}.Debug|Any CPU.ActiveCfg = Debug|Any CPU
		{9CCEF9D6-5B14-4146-BDED-88BF6B852FB6}.Debug|Any CPU.Build.0 = Debug|Any CPU
		{9CCEF9D6-5B14-4146-BDED-88BF6B852FB6}.Release|Any CPU.ActiveCfg = Release|Any CPU
		{9CCEF9D6-5B14-4146-BDED-88BF6B852FB6}.Release|Any CPU.Build.0 = Release|Any CPU
		{29F5F019-DABF-428D-A625-07C9A6A3CB8E}.Debug|Any CPU.ActiveCfg = Debug|Any CPU
		{29F5F019-DABF-428D-A625-07C9A6A3CB8E}.Debug|Any CPU.Build.0 = Debug|Any CPU
		{29F5F019-DABF-428D-A625-07C9A6A3CB8E}.Release|Any CPU.ActiveCfg = Release|Any CPU
		{29F5F019-DABF-428D-A625-07C9A6A3CB8E}.Release|Any CPU.Build.0 = Release|Any CPU
		{986BD6B7-3560-458B-BCC1-6ABC27AED2A1}.Debug|Any CPU.ActiveCfg = Debug|Any CPU
		{986BD6B7-3560-458B-BCC1-6ABC27AED2A1}.Debug|Any CPU.Build.0 = Debug|Any CPU
		{986BD6B7-3560-458B-BCC1-6ABC27AED2A1}.Release|Any CPU.ActiveCfg = Release|Any CPU
		{986BD6B7-3560-458B-BCC1-6ABC27AED2A1}.Release|Any CPU.Build.0 = Release|Any CPU
		{FED2A8FF-4ADD-44DE-B48F-99D8D7B90C72}.Debug|Any CPU.ActiveCfg = Debug|Any CPU
		{FED2A8FF-4ADD-44DE-B48F-99D8D7B90C72}.Debug|Any CPU.Build.0 = Debug|Any CPU
		{FED2A8FF-4ADD-44DE-B48F-99D8D7B90C72}.Release|Any CPU.ActiveCfg = Release|Any CPU
		{FED2A8FF-4ADD-44DE-B48F-99D8D7B90C72}.Release|Any CPU.Build.0 = Release|Any CPU
		{EE5C842F-1A45-4D00-B9BE-8D5D87F10AB3}.Debug|Any CPU.ActiveCfg = Debug|Any CPU
		{EE5C842F-1A45-4D00-B9BE-8D5D87F10AB3}.Debug|Any CPU.Build.0 = Debug|Any CPU
		{EE5C842F-1A45-4D00-B9BE-8D5D87F10AB3}.Release|Any CPU.ActiveCfg = Release|Any CPU
		{EE5C842F-1A45-4D00-B9BE-8D5D87F10AB3}.Release|Any CPU.Build.0 = Release|Any CPU
		{E0E0158F-9C03-4B13-BB8A-8FEE06759368}.Debug|Any CPU.ActiveCfg = Debug|Any CPU
		{E0E0158F-9C03-4B13-BB8A-8FEE06759368}.Debug|Any CPU.Build.0 = Debug|Any CPU
		{E0E0158F-9C03-4B13-BB8A-8FEE06759368}.Release|Any CPU.ActiveCfg = Release|Any CPU
		{E0E0158F-9C03-4B13-BB8A-8FEE06759368}.Release|Any CPU.Build.0 = Release|Any CPU
		{5564961F-12A5-4739-9475-B25C88FF4989}.Debug|Any CPU.ActiveCfg = Debug|Any CPU
		{5564961F-12A5-4739-9475-B25C88FF4989}.Debug|Any CPU.Build.0 = Debug|Any CPU
		{5564961F-12A5-4739-9475-B25C88FF4989}.Release|Any CPU.ActiveCfg = Release|Any CPU
		{5564961F-12A5-4739-9475-B25C88FF4989}.Release|Any CPU.Build.0 = Release|Any CPU
		{44753C56-B349-4E0F-A125-A86BC7544429}.Debug|Any CPU.ActiveCfg = Debug|Any CPU
		{44753C56-B349-4E0F-A125-A86BC7544429}.Debug|Any CPU.Build.0 = Debug|Any CPU
		{44753C56-B349-4E0F-A125-A86BC7544429}.Release|Any CPU.ActiveCfg = Release|Any CPU
		{44753C56-B349-4E0F-A125-A86BC7544429}.Release|Any CPU.Build.0 = Release|Any CPU
		{848E3551-07A5-420F-8F6C-A854AAA0157F}.Debug|Any CPU.ActiveCfg = Debug|Any CPU
		{848E3551-07A5-420F-8F6C-A854AAA0157F}.Debug|Any CPU.Build.0 = Debug|Any CPU
		{848E3551-07A5-420F-8F6C-A854AAA0157F}.Release|Any CPU.ActiveCfg = Release|Any CPU
		{848E3551-07A5-420F-8F6C-A854AAA0157F}.Release|Any CPU.Build.0 = Release|Any CPU
		{ECAC71E5-A3C0-407B-BF4E-A9C9C2AD56B8}.Debug|Any CPU.ActiveCfg = Debug|Any CPU
		{ECAC71E5-A3C0-407B-BF4E-A9C9C2AD56B8}.Debug|Any CPU.Build.0 = Debug|Any CPU
		{ECAC71E5-A3C0-407B-BF4E-A9C9C2AD56B8}.Release|Any CPU.ActiveCfg = Release|Any CPU
		{ECAC71E5-A3C0-407B-BF4E-A9C9C2AD56B8}.Release|Any CPU.Build.0 = Release|Any CPU
		{CEFC6AAB-4665-4651-807A-17845F724BED}.Debug|Any CPU.ActiveCfg = Debug|Any CPU
		{CEFC6AAB-4665-4651-807A-17845F724BED}.Debug|Any CPU.Build.0 = Debug|Any CPU
		{CEFC6AAB-4665-4651-807A-17845F724BED}.Release|Any CPU.ActiveCfg = Release|Any CPU
		{CEFC6AAB-4665-4651-807A-17845F724BED}.Release|Any CPU.Build.0 = Release|Any CPU
	EndGlobalSection
	GlobalSection(SolutionProperties) = preSolution
		HideSolutionNode = FALSE
	EndGlobalSection
EndGlobal
